
Microsoft Visual Studio Solution File, Format Version 12.00
# Visual Studio Version 17
VisualStudioVersion = 17.3.32804.467
MinimumVisualStudioVersion = 10.0.40219.1
Project("{FAE04EC0-301F-11D3-BF4B-00C04F79EFBC}") = "WebApplication6", "WebApplication6\WebApplication6.csproj", "{8E3BF264-264C-4FB2-8864-3BF62A20DF51}"
EndProject
Global
	GlobalSection(SolutionConfigurationPlatforms) = preSolution
		Debug|Any CPU = Debug|Any CPU
		Release|Any CPU = Release|Any CPU
	EndGlobalSection
	GlobalSection(ProjectConfigurationPlatforms) = postSolution
		{8E3BF264-264C-4FB2-8864-3BF62A20DF51}.Debug|Any CPU.ActiveCfg = Debug|Any CPU
		{8E3BF264-264C-4FB2-8864-3BF62A20DF51}.Debug|Any CPU.Build.0 = Debug|Any CPU
		{8E3BF264-264C-4FB2-8864-3BF62A20DF51}.Release|Any CPU.ActiveCfg = Release|Any CPU
		{8E3BF264-264C-4FB2-8864-3BF62A20DF51}.Release|Any CPU.Build.0 = Release|Any CPU
	EndGlobalSection
	GlobalSection(SolutionProperties) = preSolution
		HideSolutionNode = FALSE
	EndGlobalSection
	GlobalSection(ExtensibilityGlobals) = postSolution
		SolutionGuid = {A128B4D5-6E15-4067-9EC7-C12E701995CC}
	EndGlobalSection
EndGlobal
