
Microsoft Visual Studio Solution File, Format Version 12.00
# Visual Studio Version 17
VisualStudioVersion = 17.3.32804.467
MinimumVisualStudioVersion = 10.0.40219.1
Project("{9A19103F-16F7-4668-BE54-9A1E7A4F7556}") = "pateint", "WebApplication10\pateint.csproj", "{D26F22E8-66F0-4427-BD66-A348934DF970}"
EndProject
Global
	GlobalSection(SolutionConfigurationPlatforms) = preSolution
		Debug|Any CPU = Debug|Any CPU
		Release|Any CPU = Release|Any CPU
	EndGlobalSection
	GlobalSection(ProjectConfigurationPlatforms) = postSolution
		{D26F22E8-66F0-4427-BD66-A348934DF970}.Debug|Any CPU.ActiveCfg = Debug|Any CPU
		{D26F22E8-66F0-4427-BD66-A348934DF970}.Debug|Any CPU.Build.0 = Debug|Any CPU
		{D26F22E8-66F0-4427-BD66-A348934DF970}.Release|Any CPU.ActiveCfg = Release|Any CPU
		{D26F22E8-66F0-4427-BD66-A348934DF970}.Release|Any CPU.Build.0 = Release|Any CPU
	EndGlobalSection
	GlobalSection(SolutionProperties) = preSolution
		HideSolutionNode = FALSE
	EndGlobalSection
	GlobalSection(ExtensibilityGlobals) = postSolution
		SolutionGuid = {F1CC6B55-2F18-4AD0-9383-A7280BC7B85F}
	EndGlobalSection
EndGlobal
