
Microsoft Visual Studio Solution File, Format Version 12.00
# Visual Studio Version 17
VisualStudioVersion = 17.3.32804.467
MinimumVisualStudioVersion = 10.0.40219.1
Project("{FAE04EC0-301F-11D3-BF4B-00C04F79EFBC}") = "WebApplication4", "WebApplication4\WebApplication4.csproj", "{1D4BEB67-6861-4504-9DF3-A866AB5BA51A}"
EndProject
Global
	GlobalSection(SolutionConfigurationPlatforms) = preSolution
		Debug|Any CPU = Debug|Any CPU
		Release|Any CPU = Release|Any CPU
	EndGlobalSection
	GlobalSection(ProjectConfigurationPlatforms) = postSolution
		{1D4BEB67-6861-4504-9DF3-A866AB5BA51A}.Debug|Any CPU.ActiveCfg = Debug|Any CPU
		{1D4BEB67-6861-4504-9DF3-A866AB5BA51A}.Debug|Any CPU.Build.0 = Debug|Any CPU
		{1D4BEB67-6861-4504-9DF3-A866AB5BA51A}.Release|Any CPU.ActiveCfg = Release|Any CPU
		{1D4BEB67-6861-4504-9DF3-A866AB5BA51A}.Release|Any CPU.Build.0 = Release|Any CPU
	EndGlobalSection
	GlobalSection(SolutionProperties) = preSolution
		HideSolutionNode = FALSE
	EndGlobalSection
	GlobalSection(ExtensibilityGlobals) = postSolution
		SolutionGuid = {2FF11D67-D1F1-481C-A79F-B3B65D35F4E3}
	EndGlobalSection
EndGlobal
