
Microsoft Visual Studio Solution File, Format Version 12.00
# Visual Studio Version 17
VisualStudioVersion = 17.3.32804.467
MinimumVisualStudioVersion = 10.0.40219.1
Project("{FAE04EC0-301F-11D3-BF4B-00C04F79EFBC}") = "WebApplication3", "WebApplication3\WebApplication3.csproj", "{882B9DFB-EF43-45D3-A95C-DABAFDEB0632}"
EndProject
Global
	GlobalSection(SolutionConfigurationPlatforms) = preSolution
		Debug|Any CPU = Debug|Any CPU
		Release|Any CPU = Release|Any CPU
	EndGlobalSection
	GlobalSection(ProjectConfigurationPlatforms) = postSolution
		{882B9DFB-EF43-45D3-A95C-DABAFDEB0632}.Debug|Any CPU.ActiveCfg = Debug|Any CPU
		{882B9DFB-EF43-45D3-A95C-DABAFDEB0632}.Debug|Any CPU.Build.0 = Debug|Any CPU
		{882B9DFB-EF43-45D3-A95C-DABAFDEB0632}.Release|Any CPU.ActiveCfg = Release|Any CPU
		{882B9DFB-EF43-45D3-A95C-DABAFDEB0632}.Release|Any CPU.Build.0 = Release|Any CPU
	EndGlobalSection
	GlobalSection(SolutionProperties) = preSolution
		HideSolutionNode = FALSE
	EndGlobalSection
	GlobalSection(ExtensibilityGlobals) = postSolution
		SolutionGuid = {6E042973-E198-4237-A2A5-274DC211324C}
	EndGlobalSection
EndGlobal
